{
  "nodes": {
    "fenix": {
      "inputs": {
        "naersk": "naersk",
        "nixpkgs": [
          "nixpkgs"
        ],
        "rust-analyzer-src": "rust-analyzer-src"
      },
      "locked": {
        "lastModified": 1615083881,
        "narHash": "sha256-d+ZSkBj61IdDB+mDaSxHKGgfIF8W3aE71kupVBk4woE=",
        "owner": "figsoda",
        "repo": "fenix",
        "rev": "12c59cc98ba80e13d73f44c9d11d487beb78cae1",
        "type": "github"
      },
      "original": {
        "owner": "figsoda",
        "repo": "fenix",
        "type": "github"
      }
    },
    "flake-utils": {
      "locked": {
        "lastModified": 1614513358,
        "narHash": "sha256-LakhOx3S1dRjnh0b5Dg3mbZyH0ToC9I8Y2wKSkBaTzU=",
        "owner": "numtide",
        "repo": "flake-utils",
        "rev": "5466c5bbece17adaab2d82fae80b46e807611bf3",
        "type": "github"
      },
      "original": {
        "owner": "numtide",
        "repo": "flake-utils",
        "type": "github"
      }
    },
    "naersk": {
      "inputs": {
        "nixpkgs": [
          "nixpkgs"
        ]
      },
      "locked": {
        "lastModified": 1614785451,
        "narHash": "sha256-TPw8kQvr2UNCuvndtY+EjyXp6Q5GEW2l9UafXXh1XmI=",
        "owner": "nmattia",
        "repo": "naersk",
        "rev": "e0fe990b478a66178a58c69cf53daec0478ca6f9",
        "type": "github"
      },
      "original": {
        "owner": "nmattia",
        "repo": "naersk",
        "type": "github"
      }
    },
    "naersk_2": {
      "inputs": {
        "nixpkgs": [
          "nixpkgs"
        ]
      },
      "locked": {
        "lastModified": 1614785451,
        "narHash": "sha256-TPw8kQvr2UNCuvndtY+EjyXp6Q5GEW2l9UafXXh1XmI=",
        "owner": "nmattia",
        "repo": "naersk",
        "rev": "e0fe990b478a66178a58c69cf53daec0478ca6f9",
        "type": "github"
      },
      "original": {
        "owner": "nmattia",
        "repo": "naersk",
        "type": "github"
      }
    },
    "nixpkgs": {
      "locked": {
        "lastModified": 1614792312,
        "narHash": "sha256-LSUtjvYOxcSP1ewymGYp4AawiWDISKZHuCTxsaXir4k=",
        "owner": "NixOS",
        "repo": "nixpkgs",
        "rev": "a2b0ea6865b2346ceb015259c76e111dcca039c5",
        "type": "github"
      },
      "original": {
        "owner": "NixOS",
        "ref": "nixpkgs-unstable",
        "repo": "nixpkgs",
        "type": "github"
      }
    },
    "root": {
      "inputs": {
        "fenix": "fenix",
        "flake-utils": "flake-utils",
        "naersk": "naersk_2",
        "nixpkgs": "nixpkgs"
      }
    },
    "rust-analyzer-src": {
      "flake": false,
      "locked": {
        "lastModified": 1615077176,
        "narHash": "sha256-8pWJ5OWt/IuVcskglgUXEOMUXy8F6S5zsJ1D+Nz6S44=",
        "owner": "rust-analyzer",
        "repo": "rust-analyzer",
        "rev": "f0b7c02f16f717744e7edc79a405db14110393cf",
        "type": "github"
      },
      "original": {
        "owner": "rust-analyzer",
        "ref": "nightly",
        "repo": "rust-analyzer",
        "type": "github"
      }
    }
  },
  "root": "root",
  "version": 7
}
