{
  "nodes": {
    "fenix": {
      "inputs": {
        "naersk": "naersk",
        "nixpkgs": [
          "nixpkgs"
        ],
        "rust-analyzer-src": "rust-analyzer-src"
      },
      "locked": {
        "lastModified": 1612233000,
        "narHash": "sha256-XhLRyexNS5dph5YKbj3izSPZ7iILenqs7eyGUuyktKg=",
        "owner": "figsoda",
        "repo": "fenix",
        "rev": "f95952ee792b68cb7ff5f6b664058876b9803b52",
        "type": "github"
      },
      "original": {
        "owner": "figsoda",
        "repo": "fenix",
        "type": "github"
      }
    },
    "flake-utils": {
      "locked": {
        "lastModified": 1610051610,
        "narHash": "sha256-U9rPz/usA1/Aohhk7Cmc2gBrEEKRzcW4nwPWMPwja4Y=",
        "owner": "numtide",
        "repo": "flake-utils",
        "rev": "3982c9903e93927c2164caa727cd3f6a0e6d14cc",
        "type": "github"
      },
      "original": {
        "owner": "numtide",
        "repo": "flake-utils",
        "type": "github"
      }
    },
    "naersk": {
      "inputs": {
        "nixpkgs": [
          "nixpkgs"
        ]
      },
      "locked": {
        "lastModified": 1612192764,
        "narHash": "sha256-7EnLtZQWP6511G1ZPA7FmJlqAr3hWsAYb24tvTvJ/ec=",
        "owner": "nmattia",
        "repo": "naersk",
        "rev": "6e149bfd726a8ebefa415f2d713ba6d942435abd",
        "type": "github"
      },
      "original": {
        "owner": "nmattia",
        "repo": "naersk",
        "type": "github"
      }
    },
    "naersk_2": {
      "inputs": {
        "nixpkgs": [
          "nixpkgs"
        ]
      },
      "locked": {
        "lastModified": 1612192764,
        "narHash": "sha256-7EnLtZQWP6511G1ZPA7FmJlqAr3hWsAYb24tvTvJ/ec=",
        "owner": "nmattia",
        "repo": "naersk",
        "rev": "6e149bfd726a8ebefa415f2d713ba6d942435abd",
        "type": "github"
      },
      "original": {
        "owner": "nmattia",
        "repo": "naersk",
        "type": "github"
      }
    },
    "nixpkgs": {
      "locked": {
        "lastModified": 1612186931,
        "narHash": "sha256-5VyO+63TThJzHcRfmwQ8sJ0OpCREzBCaxBnYGTI/iRY=",
        "owner": "NixOS",
        "repo": "nixpkgs",
        "rev": "26187c65b637c2ee2a27674a5585af8106878736",
        "type": "github"
      },
      "original": {
        "owner": "NixOS",
        "ref": "nixpkgs-unstable",
        "repo": "nixpkgs",
        "type": "github"
      }
    },
    "root": {
      "inputs": {
        "fenix": "fenix",
        "flake-utils": "flake-utils",
        "naersk": "naersk_2",
        "nixpkgs": "nixpkgs"
      }
    },
    "rust-analyzer-src": {
      "flake": false,
      "locked": {
        "lastModified": 1612124008,
        "narHash": "sha256-bPv51Jp6zJRdNJehuR8LVaBw/hubSeHbI5BeMwqEn4M=",
        "owner": "rust-analyzer",
        "repo": "rust-analyzer",
        "rev": "1a59f75cdaa730c16a694a4294eccf6dfe6fe0ad",
        "type": "github"
      },
      "original": {
        "owner": "rust-analyzer",
        "ref": "nightly",
        "repo": "rust-analyzer",
        "type": "github"
      }
    }
  },
  "root": "root",
  "version": 7
}
